
Microsoft Visual Studio Solution File, Format Version 12.00
# Visual Studio Version 17
VisualStudioVersion = 17.8.34330.188
MinimumVisualStudioVersion = 10.0.40219.1
Project("{FAE04EC0-301F-11D3-BF4B-00C04F79EFBC}") = "btvn-oop-lap3-Human&Employee", "btvn-oop-lap3-Human&Employee.csproj", "{D0309454-8573-4E07-9272-CA63CC1C9CDA}"
EndProject
Global
	GlobalSection(SolutionConfigurationPlatforms) = preSolution
		Debug|Any CPU = Debug|Any CPU
		Release|Any CPU = Release|Any CPU
	EndGlobalSection
	GlobalSection(ProjectConfigurationPlatforms) = postSolution
		{D0309454-8573-4E07-9272-CA63CC1C9CDA}.Debug|Any CPU.ActiveCfg = Debug|Any CPU
		{D0309454-8573-4E07-9272-CA63CC1C9CDA}.Debug|Any CPU.Build.0 = Debug|Any CPU
		{D0309454-8573-4E07-9272-CA63CC1C9CDA}.Release|Any CPU.ActiveCfg = Release|Any CPU
		{D0309454-8573-4E07-9272-CA63CC1C9CDA}.Release|Any CPU.Build.0 = Release|Any CPU
	EndGlobalSection
	GlobalSection(SolutionProperties) = preSolution
		HideSolutionNode = FALSE
	EndGlobalSection
	GlobalSection(ExtensibilityGlobals) = postSolution
		SolutionGuid = {58263565-C8DB-4530-B4EB-71F462F3CCE2}
	EndGlobalSection
EndGlobal
